
Microsoft Visual Studio Solution File, Format Version 12.00
# Visual Studio 15
VisualStudioVersion = 15.0.28307.902
MinimumVisualStudioVersion = 10.0.40219.1
Project("{FAE04EC0-301F-11D3-BF4B-00C04F79EFBC}") = "LearningApplication", "LearningApplication\LearningApplication.csproj", "{E7BCF045-2DC5-4D23-890D-2115B6A3DE13}"
EndProject
Global
	GlobalSection(SolutionConfigurationPlatforms) = preSolution
		Debug|Any CPU = Debug|Any CPU
		Release|Any CPU = Release|Any CPU
	EndGlobalSection
	GlobalSection(ProjectConfigurationPlatforms) = postSolution
		{E7BCF045-2DC5-4D23-890D-2115B6A3DE13}.Debug|Any CPU.ActiveCfg = Debug|Any CPU
		{E7BCF045-2DC5-4D23-890D-2115B6A3DE13}.Debug|Any CPU.Build.0 = Debug|Any CPU
		{E7BCF045-2DC5-4D23-890D-2115B6A3DE13}.Release|Any CPU.ActiveCfg = Release|Any CPU
		{E7BCF045-2DC5-4D23-890D-2115B6A3DE13}.Release|Any CPU.Build.0 = Release|Any CPU
	EndGlobalSection
	GlobalSection(SolutionProperties) = preSolution
		HideSolutionNode = FALSE
	EndGlobalSection
	GlobalSection(ExtensibilityGlobals) = postSolution
		SolutionGuid = {DCD88EC6-E922-4603-8989-3C836B7E8B0F}
	EndGlobalSection
EndGlobal
